
Microsoft Visual Studio Solution File, Format Version 12.00
# Visual Studio Version 17
VisualStudioVersion = 17.4.33110.190
MinimumVisualStudioVersion = 10.0.40219.1
Project("{2150E333-8FDC-42A3-9474-1A3956D46DE8}") = "Core", "Core", "{9E5F09DC-906C-4A4C-B53E-2958E703AF5F}"
EndProject
Project("{2150E333-8FDC-42A3-9474-1A3956D46DE8}") = "Infrastructure", "Infrastructure", "{36B4434B-5AD6-4406-BB9F-9459F25665B2}"
EndProject
Project("{2150E333-8FDC-42A3-9474-1A3956D46DE8}") = "Presentation", "Presentation", "{1F62E131-C4BF-4D88-A95D-34C496171996}"
EndProject
Project("{9A19103F-16F7-4668-BE54-9A1E7A4F7556}") = "Adviser.Application", "Adviser.Application\Adviser.Application.csproj", "{C3769DBE-89F3-4D7E-8FF2-71BEEFB4A8C0}"
EndProject
Project("{9A19103F-16F7-4668-BE54-9A1E7A4F7556}") = "Adviser.Persistence", "Adviser.Persistence\Adviser.Persistence.csproj", "{715A9F97-5790-49BB-999D-083C954B179E}"
EndProject
Project("{9A19103F-16F7-4668-BE54-9A1E7A4F7556}") = "Adviser.Domain", "Adviser.Domain\Adviser.Domain.csproj", "{3028BFCD-8A58-4FA1-8FCF-7F91EC04BB28}"
EndProject
Project("{54A90642-561A-4BB1-A94E-469ADEE60C69}") = "reactapp", "Adviser.React\reactapp.esproj", "{B1D1E737-9B56-4543-8012-BFC120A24B23}"
EndProject
Project("{FAE04EC0-301F-11D3-BF4B-00C04F79EFBC}") = "Adviser.WebApi", "Adviser.WebApi\Adviser.WebApi.csproj", "{CBBFB7DC-1FAD-48DC-84F2-65E19F739D6D}"
EndProject
Global
	GlobalSection(SolutionConfigurationPlatforms) = preSolution
		Debug|Any CPU = Debug|Any CPU
		Release|Any CPU = Release|Any CPU
	EndGlobalSection
	GlobalSection(ProjectConfigurationPlatforms) = postSolution
		{C3769DBE-89F3-4D7E-8FF2-71BEEFB4A8C0}.Debug|Any CPU.ActiveCfg = Debug|Any CPU
		{C3769DBE-89F3-4D7E-8FF2-71BEEFB4A8C0}.Debug|Any CPU.Build.0 = Debug|Any CPU
		{C3769DBE-89F3-4D7E-8FF2-71BEEFB4A8C0}.Release|Any CPU.ActiveCfg = Release|Any CPU
		{C3769DBE-89F3-4D7E-8FF2-71BEEFB4A8C0}.Release|Any CPU.Build.0 = Release|Any CPU
		{715A9F97-5790-49BB-999D-083C954B179E}.Debug|Any CPU.ActiveCfg = Debug|Any CPU
		{715A9F97-5790-49BB-999D-083C954B179E}.Debug|Any CPU.Build.0 = Debug|Any CPU
		{715A9F97-5790-49BB-999D-083C954B179E}.Release|Any CPU.ActiveCfg = Release|Any CPU
		{715A9F97-5790-49BB-999D-083C954B179E}.Release|Any CPU.Build.0 = Release|Any CPU
		{3028BFCD-8A58-4FA1-8FCF-7F91EC04BB28}.Debug|Any CPU.ActiveCfg = Debug|Any CPU
		{3028BFCD-8A58-4FA1-8FCF-7F91EC04BB28}.Debug|Any CPU.Build.0 = Debug|Any CPU
		{3028BFCD-8A58-4FA1-8FCF-7F91EC04BB28}.Release|Any CPU.ActiveCfg = Release|Any CPU
		{3028BFCD-8A58-4FA1-8FCF-7F91EC04BB28}.Release|Any CPU.Build.0 = Release|Any CPU
		{B1D1E737-9B56-4543-8012-BFC120A24B23}.Debug|Any CPU.ActiveCfg = Debug|Any CPU
		{B1D1E737-9B56-4543-8012-BFC120A24B23}.Debug|Any CPU.Build.0 = Debug|Any CPU
		{B1D1E737-9B56-4543-8012-BFC120A24B23}.Debug|Any CPU.Deploy.0 = Debug|Any CPU
		{B1D1E737-9B56-4543-8012-BFC120A24B23}.Release|Any CPU.ActiveCfg = Release|Any CPU
		{B1D1E737-9B56-4543-8012-BFC120A24B23}.Release|Any CPU.Build.0 = Release|Any CPU
		{B1D1E737-9B56-4543-8012-BFC120A24B23}.Release|Any CPU.Deploy.0 = Release|Any CPU
		{CBBFB7DC-1FAD-48DC-84F2-65E19F739D6D}.Debug|Any CPU.ActiveCfg = Debug|Any CPU
		{CBBFB7DC-1FAD-48DC-84F2-65E19F739D6D}.Debug|Any CPU.Build.0 = Debug|Any CPU
		{CBBFB7DC-1FAD-48DC-84F2-65E19F739D6D}.Release|Any CPU.ActiveCfg = Release|Any CPU
		{CBBFB7DC-1FAD-48DC-84F2-65E19F739D6D}.Release|Any CPU.Build.0 = Release|Any CPU
	EndGlobalSection
	GlobalSection(SolutionProperties) = preSolution
		HideSolutionNode = FALSE
	EndGlobalSection
	GlobalSection(NestedProjects) = preSolution
		{C3769DBE-89F3-4D7E-8FF2-71BEEFB4A8C0} = {9E5F09DC-906C-4A4C-B53E-2958E703AF5F}
		{715A9F97-5790-49BB-999D-083C954B179E} = {36B4434B-5AD6-4406-BB9F-9459F25665B2}
		{3028BFCD-8A58-4FA1-8FCF-7F91EC04BB28} = {9E5F09DC-906C-4A4C-B53E-2958E703AF5F}
		{B1D1E737-9B56-4543-8012-BFC120A24B23} = {1F62E131-C4BF-4D88-A95D-34C496171996}
		{CBBFB7DC-1FAD-48DC-84F2-65E19F739D6D} = {1F62E131-C4BF-4D88-A95D-34C496171996}
	EndGlobalSection
	GlobalSection(ExtensibilityGlobals) = postSolution
		SolutionGuid = {2CE0B857-BE2B-464D-AAF4-C25F725A9714}
	EndGlobalSection
EndGlobal
